DEPENDENCIES
  apache2 (~> 3.1.0)
  apt (~> 2.7.0)
  audit-cis (~> 0.4.0)
  auditd (~> 0.1.4)
  build-essential (~> 2.2.3)
  chef-client (~> 4.3.0)
  chef-sentry-handler (~> 1.0.0)
  chef-server (= 3.1.1)
  docker-registry (~> 0.0.8)
  git (~> 4.2.2)
  gunicorn (~> 1.2.0)
  hostsfile (~> 2.4.5)
  icinga2 (~> 2.6.5)
  iis (~> 4.1.1)
  iptables (~> 1.0.0)
  java (~> 1.31.0)
  jenkins (~> 2.4.1)
  jenkins-server (~> 0.5.1)
  jenkins-tools (~> 0.0.1)
  jenkins_build (~> 0.3.0)
  jenkins_plugins (~> 1.2.1)
  jenkins_test_utils (~> 0.1.0)
  jenkins_utils (~> 0.1.4)
  kitchen-jenkins (~> 0.1.0)
  mongodb (~> 0.16.2)
  mysql (~> 6.0.23)
  nginx (~> 2.7.6)
  nrpe (~> 1.5.2)
  openssl (~> 4.0.0)
  os-hardening (~> 1.3.1)
  packagecloud (= 0.0.18)
  pipeline (~> 2.3.0)
  postfix (~> 3.7.0)
  postgresql (~> 3.4.20)
  python (~> 1.4.6)
  rabbitmq (~> 4.2.2)
  rabbitmq-management (~> 0.0.3)
  redis (~> 3.0.4)
  redisio (~> 2.3.0)
  selinux (~> 0.9.0)
  selinux_policy (~> 0.7.1)
  ssh-hardening (~> 1.1.0)
  ssh_known_hosts (~> 2.0.0)
  sudo (~> 2.7.1)
  timezone-ii (~> 0.2.0)
  tomcat (~> 0.17.3)
  users (~> 1.8.2)
  yum (~> 3.6.1)
  yum-epel (~> 0.6.0)

GRAPH
  7-zip (1.0.2)
    windows (>= 1.2.2)
  ant (1.0.2)
    ark (>= 0.0.0)
    java (>= 0.0.0)
  apache2 (3.1.0)
  application (5.0.0)
    poise (~> 2.4)
    poise-service (~> 1.0)
  application_nginx (1.1.0)
    application (>= 0.0.0)
    nginx (>= 0.0.0)
  application_python (4.0.0)
    application (~> 5.0)
    poise (~> 2.0)
    poise-python (~> 1.0)
    poise-service (~> 1.0)
  apt (2.7.0)
  apt-chef (0.2.0)
    apt (>= 0.0.0)
  ark (0.9.0)
    7-zip (>= 0.0.0)
    windows (>= 0.0.0)
  audit-cis (0.4.0)
  auditd (0.1.4)
  bluepill (2.4.0)
    rsyslog (>= 0.0.0)
  build-essential (2.2.4)
  chef-client (4.3.1)
    cron (>= 1.2.0)
    logrotate (>= 1.2.0)
    windows (~> 1.37)
  chef-dk (3.1.0)
    dmg (~> 2.2)
  chef-ingredient (0.11.3)
    apt-chef (>= 0.0.0)
    yum-chef (>= 0.0.0)
  chef-sentry-handler (1.0.0)
    chef_handler (>= 0.0.0)
  chef-server (3.1.1)
    chef-server-ingredient (>= 0.0.0)
  chef-server-ingredient (0.5.2)
    chef-ingredient (= 0.11.3)
  chef-sugar (3.1.1)
  chef-vault (1.3.1)
  chef-zero (2.0.1)
    build-essential (>= 0.0.0)
  chef_gem (0.1.0)
  chef_handler (1.2.0)
  chocolatey (0.4.0)
    windows (~> 1.31)
  composer (2.2.0)
    php (>= 0.0.0)
    windows (>= 0.0.0)
  cron (1.7.0)
  database (4.0.9)
    postgresql (>= 1.0.0)
  dmg (2.2.2)
  docker-registry (0.0.8)
    application (>= 3.0.0)
    application_nginx (>= 0.0.0)
    application_python (>= 0.0.0)
  emacs (0.10.0)
  erlang (1.5.8)
    apt (>= 1.7.0)
    build-essential (>= 0.0.0)
    yum (~> 3.0)
    yum-epel (>= 0.0.0)
    yum-erlang_solutions (>= 0.0.0)
  git (4.2.4)
    build-essential (>= 0.0.0)
    dmg (>= 0.0.0)
    windows (>= 0.0.0)
    yum-epel (>= 0.0.0)
  gunicorn (1.2.0)
    python (>= 0.0.0)
  homebrew (1.13.0)
    build-essential (>= 2.1.2)
  hostsfile (2.4.5)
  icinga2 (2.6.5)
    apache2 (>= 0.0.0)
    apt (>= 0.0.0)
    pnp4nagios (>= 0.0.0)
    ulimit (>= 0.0.0)
    yum (~> 3.0)
    yum-epel (>= 0.0.0)
  iis (4.1.1)
    windows (>= 1.34.6)
  install_from (3.0.4)
  iptables (1.0.0)
  java (1.31.0)
  jenkins (2.4.1)
    apt (~> 2.0)
    runit (~> 1.5)
    yum (~> 3.0)
  jenkins-server (0.5.1)
    ant (>= 0.0.0)
    chef-vault (>= 0.0.0)
    composer (>= 0.0.0)
    git (>= 0.0.0)
    java (>= 0.0.0)
    jenkins (>= 2.3.1)
    nginx (>= 0.0.0)
  jenkins-tools (0.0.1)
    jenkins (> 2.2.0)
  jenkins_build (0.3.0)
    apt (>= 0.0.0)
    database (>= 0.0.0)
    git (>= 0.0.0)
    jenkins (> 0.8.0)
    nodejs (>= 0.0.0)
    phantomjs (>= 0.0.0)
    postgresql (> 2.4.1)
  jenkins_plugins (1.2.1)
    jenkins (>= 0.0.0)
    maven (>= 0.0.0)
    ssh (>= 0.0.0)
  jenkins_test_utils (0.1.0)
    jenkins (>= 0.0.0)
  jenkins_utils (0.1.4)
    apt (>= 0.0.0)
    git (>= 0.0.0)
    java (>= 0.0.0)
    jenkins (>= 0.0.0)
    rvm (>= 0.0.0)
  kitchen-jenkins (0.1.0)
    jenkins (>= 0.0.0)
    vagrant (>= 0.2.0)
    virtualbox (>= 0.0.0)
  logrotate (1.9.2)
  maven (1.3.0)
    ark (~> 0.4)
    java (~> 1.13)
    windows (>= 0.0.0)
  metachef (3.0.4)
  mongodb (0.16.2)
    apt (>= 1.8.2)
    python (>= 0.0.0)
    runit (>= 1.5.0)
    yum (>= 3.0)
  mysql (6.0.31)
    smf (>= 0.0.0)
    yum-mysql-community (>= 0.0.0)
  nginx (2.7.6)
    apt (~> 2.2)
    bluepill (~> 2.3)
    build-essential (~> 2.0)
    ohai (~> 2.0)
    runit (~> 1.2)
    yum-epel (~> 0.3)
  nodejs (2.4.2)
    apt (>= 0.0.0)
    ark (>= 0.0.0)
    build-essential (>= 0.0.0)
    homebrew (>= 0.0.0)
    yum-epel (>= 0.0.0)
  nrpe (1.5.2)
    build-essential (>= 0.0.0)
    yum-epel (>= 0.0.0)
  ohai (2.0.1)
  openssl (4.0.0)
    chef-sugar (>= 0.0.0)
  os-hardening (1.3.1)
    apt (>= 0.0.0)
    sysctl (>= 0.3.0)
    yum (>= 0.0.0)
  packagecloud (0.0.18)
  partial_search (1.0.8)
  phantomjs (1.0.3)
    build-essential (>= 0.0.0)
    chocolatey (>= 0.0.0)
  php (1.7.2)
    build-essential (>= 0.0.0)
    iis (>= 0.0.0)
    mysql (>= 6.0.0)
    windows (>= 0.0.0)
    xml (>= 0.0.0)
    yum-epel (>= 0.0.0)
  pipeline (2.3.0)
    apt (>= 0.0.0)
    chef-dk (>= 0.0.0)
    chef-zero (>= 0.0.0)
    emacs (>= 0.0.0)
    git (>= 0.0.0)
    java (>= 0.0.0)
    jenkins (>= 0.0.0)
    sudo (>= 0.0.0)
    yum (>= 0.0.0)
  pnp4nagios (0.2.1)
    apache2 (>= 0.0.0)
    rrdtool (>= 0.0.0)
  poise (2.4.0)
  poise-languages (1.2.0)
    poise (~> 2.3)
  poise-python (1.1.0)
    poise (~> 2.0)
    poise-languages (~> 1.2)
  poise-service (1.0.2)
    poise (~> 2.0)
  postfix (3.7.0)
  postgresql (3.4.20)
    apt (>= 1.9.0)
    build-essential (>= 0.0.0)
    openssl (~> 4.0.0)
  python (1.4.6)
    build-essential (>= 0.0.0)
    yum-epel (>= 0.0.0)
  rabbitmq (4.2.2)
    erlang (~> 1.5.0)
    yum-epel (>= 0.0.0)
    yum-erlang_solutions (>= 0.0.0)
  rabbitmq-management (0.0.3)
    rabbitmq (>= 0.0.0)
  rbac (1.0.3)
  redis (3.0.4)
    install_from (>= 0.0.0)
    metachef (>= 0.0.0)
    runit (>= 0.0.0)
  redisio (2.3.0)
    build-essential (>= 0.0.0)
    ulimit (>= 0.1.2)
  rrdtool (0.2.0)
  rsyslog (2.2.0)
  runit (1.7.2)
    packagecloud (>= 0.0.0)
  rvm (0.9.4)
    chef_gem (>= 0.0.0)
    java (>= 0.0.0)
  selinux (0.9.0)
  selinux_policy (0.7.2)
  smf (2.2.7)
    rbac (>= 1.0.1)
  ssh (0.10.8)
  ssh-hardening (1.1.0)
  ssh_known_hosts (2.0.0)
    partial_search (>= 0.0.0)
  sudo (2.7.2)
  sysctl (0.6.2)
    ohai (>= 0.0.0)
  timezone-ii (0.2.0)
  tomcat (0.17.3)
    java (>= 0.0.0)
    openssl (>= 0.0.0)
    yum-epel (>= 0.0.0)
  ulimit (0.3.3)
  users (1.8.2)
  vagrant (0.3.1)
    dmg (>= 2.2.2)
    windows (>= 1.30.2)
  virtualbox (1.0.3)
    apache2 (>= 0.0.0)
    apt (>= 0.0.0)
    dmg (>= 0.0.0)
    windows (>= 0.0.0)
    yum (~> 3.1)
  windows (1.38.2)
    chef_handler (>= 0.0.0)
  xml (1.3.0)
    build-essential (>= 0.0.0)
    chef-sugar (>= 0.0.0)
  yum (3.6.3)
  yum-chef (0.2.0)
    yum (~> 3.2)
  yum-epel (0.6.3)
    yum (~> 3.2)
  yum-erlang_solutions (0.2.2)
    yum (~> 3.2)
  yum-mysql-community (0.1.18)
    yum (>= 3.0)
